# This file was autogenerated by Stack.
# You should not edit this file by hand.
# For more information, please see the documentation at:
#   https://docs.haskellstack.org/en/stable/lock_files

packages:
- completed:
    name: text-builder-dev
    version: '0.1'
    git: https://github.com/nikita-volkov/text-builder-dev
    pantry-tree:
      size: 733
      sha256: d0a01dd2d5cbfa52bb6fc4562a3bbe00e14bdb7be1fa674f84dd68fda8191d45
    commit: 76d08010ab94ff877cb602025fa4ce5da75e53f5
  original:
    git: https://github.com/nikita-volkov/text-builder-dev
    commit: 76d08010ab94ff877cb602025fa4ce5da75e53f5
snapshots:
- completed:
    size: 608667
    url: https://raw.githubusercontent.com/commercialhaskell/stackage-snapshots/master/nightly/2022/2/16.yaml
    sha256: 84b803d5d1e8a364b5aa65386a40650d8b2a1df97cb23d51acd82f5d790f69df
  original: nightly-2022-02-16
