# This file was autogenerated by Stack.
# You should not edit this file by hand.
# For more information, please see the documentation at:
#   https://docs.haskellstack.org/en/stable/lock_files

packages:
- completed:
    hackage: text-builder-dev-0.3@sha256:2ad5599ebb8ef13402a07f84eb50b9990f2ded747a1bc956c0d49fc94323186f,2693
    pantry-tree:
      size: 649
      sha256: eb8395376c9ec1bdcef8d980862df4e3629ca1fc6b07dfd6d624f8754516cbe9
  original:
    hackage: text-builder-dev-0.3
snapshots:
- completed:
    size: 554667
    url: https://raw.githubusercontent.com/commercialhaskell/stackage-snapshots/master/nightly/2022/4/21.yaml
    sha256: c1eab787a04ee119fc611d04a5e58517b32c170c4576388fea36c515c4e754fb
  original: nightly-2022-04-21
