# This file was autogenerated by Stack.
# You should not edit this file by hand.
# For more information, please see the documentation at:
#   https://docs.haskellstack.org/en/stable/lock_files

packages:
- completed:
    hackage: text-builder-dev-0.3.1@sha256:86e0ad3752678a5d63a35c58ff67194cfa04eebd3832cbe81ce1a7fc29633f04,2743
    pantry-tree:
      size: 724
      sha256: 1a874fca8c9afc672f5ca559dc16d732c4d53f3cd8cb57a321ace1304cc70754
  original:
    hackage: text-builder-dev-0.3.1
snapshots:
- completed:
    size: 554667
    url: https://raw.githubusercontent.com/commercialhaskell/stackage-snapshots/master/nightly/2022/4/21.yaml
    sha256: c1eab787a04ee119fc611d04a5e58517b32c170c4576388fea36c515c4e754fb
  original: nightly-2022-04-21
